# THIS IS AN AUTOGENERATED FILE. DO NOT EDIT THIS FILE DIRECTLY.
# yarn lockfile v1


"@uys2000/u-host@^0.0.1":
  version "0.0.1"
  resolved "https://registry.yarnpkg.com/@uys2000/u-host/-/u-host-0.0.1.tgz#d3c4f09487b6f419499ed43653742bce498060c5"
  integrity sha512-XnRVfnwIr5aJE9aEtK9e5eBwJc3Won0mUtkg7pxZ3zKUqA0FWy/yx57OoZUTlLsISmOmvca7TCY1FifOqXpB3g==

"@uys2000/u-host@^0.0.2":
  version "0.0.2"
  resolved "https://registry.yarnpkg.com/@uys2000/u-host/-/u-host-0.0.2.tgz#def3751f4368ed8e66d550609b41f653f78e63ec"
  integrity sha512-R8NzUIuRexZZeZ2iOoqQC7euICDTke0W2xEIL67zdYjcj92mrWVReW98gqBstvRnIIKxk9C91ihvSxtKhHYSrA==

"@uys2000/u-http@^0.0.1":
  version "0.0.1"
  resolved "https://registry.yarnpkg.com/@uys2000/u-http/-/u-http-0.0.1.tgz#1cd218c0918b3172a5e87553d962a303a95ef0fb"
  integrity sha512-vy2aw6j79NLx/urkDptd5JpzmQN0/7+IQAD710SlErgBh2wh0dQtwBmumBgjCYgWL2eAsazOUJd0IvsQScw5mA==
  dependencies:
    "@uys2000/u-host" "^0.0.1"
